{
  "name": "quickpic-solidity",
  "version": "1.0.0",
  "lockfileVersion": 3,
  "requires": true,
  "packages": {
    "": {
      "name": "quickpic-solidity",
      "version": "1.0.0",
      "license": "MIT",
      "dependencies": {
        "forge-std": "github:foundry-rs/forge-std#v1.9.6"
      },
      "devDependencies": {}
    },
    "node_modules/forge-std": {
      "version": "1.9.6",
      "resolved": "git+ssh://git@github.com/foundry-rs/forge-std.git#3b20d60d14b343ee4f908cb8079495c07f5e8981",
      "license": "(Apache-2.0 OR MIT)"
    }
  }
}
